
Microsoft Visual Studio Solution File, Format Version 12.00
# Visual Studio 15
VisualStudioVersion = 15.0.26730.16
MinimumVisualStudioVersion = 10.0.40219.1
Project("{A07B5EB6-E848-4116-A8D0-A826331D98C6}") = "ECommerce", "ECommerce\ECommerce.sfproj", "{70D476E9-82B9-4A4E-9F3B-7ABDCC22AC3A}"
EndProject
Project("{FAE04EC0-301F-11D3-BF4B-00C04F79EFBC}") = "ECommerce.ProductCatalog", "ECommerce.ProductCatalog\ECommerce.ProductCatalog.csproj", "{EB41888B-810D-4EDD-8EEF-96605F9A2C17}"
EndProject
Project("{FAE04EC0-301F-11D3-BF4B-00C04F79EFBC}") = "ECommerce.ProductCatalog.Model", "ECommerce.ProductCatalog.Model\ECommerce.ProductCatalog.Model.csproj", "{7BF18556-568E-4DF5-8FC6-14E556630224}"
EndProject
Project("{9A19103F-16F7-4668-BE54-9A1E7A4F7556}") = "ECommerce.API", "ECommerce.API\ECommerce.API.csproj", "{80AC85FB-1285-4FF2-B685-DF16423DE753}"
EndProject
Project("{FAE04EC0-301F-11D3-BF4B-00C04F79EFBC}") = "UserActor", "UserActor\UserActor.csproj", "{B06598C5-A0C1-4772-A0AE-4A9C9933B3A0}"
EndProject
Project("{FAE04EC0-301F-11D3-BF4B-00C04F79EFBC}") = "UserActor.Interfaces", "UserActor.Interfaces\UserActor.Interfaces.csproj", "{4168A753-1A06-49ED-90CE-5BB82BEE5006}"
EndProject
Project("{2150E333-8FDC-42A3-9474-1A3956D46DE8}") = "00 - Solution Items", "00 - Solution Items", "{656696DA-A5C3-4380-A9A3-C2197F9AA26F}"
	ProjectSection(SolutionItems) = preProject
		.gitattributes = .gitattributes
		.gitignore = .gitignore
	EndProjectSection
EndProject
Project("{FAE04EC0-301F-11D3-BF4B-00C04F79EFBC}") = "ECommerce.CheckoutService", "ECommerce.CheckoutService\ECommerce.CheckoutService.csproj", "{985C04B8-BA76-4E98-87B1-020EEBC91B70}"
EndProject
Project("{FAE04EC0-301F-11D3-BF4B-00C04F79EFBC}") = "ECommerce.CheckoutService.Model", "ECommerce.CheckoutService.Model\ECommerce.CheckoutService.Model.csproj", "{369CDE5E-2B99-4C4B-8FF7-D298EA692C3F}"
EndProject
Project("{2150E333-8FDC-42A3-9474-1A3956D46DE8}") = "01 - Service Fabric Application", "01 - Service Fabric Application", "{52A5AABF-0822-4578-B253-743FA6AE314C}"
EndProject
Project("{2150E333-8FDC-42A3-9474-1A3956D46DE8}") = "02 - Gateway", "02 - Gateway", "{937BA691-1E8E-4530-B700-D32934E8B57A}"
EndProject
Project("{2150E333-8FDC-42A3-9474-1A3956D46DE8}") = "03 - Microservices", "03 - Microservices", "{AFA43E4C-18A9-4644-A900-208CA19DCD72}"
EndProject
Project("{2150E333-8FDC-42A3-9474-1A3956D46DE8}") = "01 - Product Catalog", "01 - Product Catalog", "{7666609C-5208-4FB6-A094-3A438641F38C}"
EndProject
Project("{2150E333-8FDC-42A3-9474-1A3956D46DE8}") = "02 - Checkout Service", "02 - Checkout Service", "{59BB8255-4D4E-4B50-A2CB-DA2701ACC4B9}"
EndProject
Project("{2150E333-8FDC-42A3-9474-1A3956D46DE8}") = "03 - User Actor Service", "03 - User Actor Service", "{E2FF7871-DBAA-414C-B11C-31C91D25982C}"
EndProject
Global
	GlobalSection(SolutionConfigurationPlatforms) = preSolution
		Debug|Any CPU = Debug|Any CPU
		Debug|x64 = Debug|x64
		Release|Any CPU = Release|Any CPU
		Release|x64 = Release|x64
	EndGlobalSection
	GlobalSection(ProjectConfigurationPlatforms) = postSolution
		{70D476E9-82B9-4A4E-9F3B-7ABDCC22AC3A}.Debug|Any CPU.ActiveCfg = Debug|x64
		{70D476E9-82B9-4A4E-9F3B-7ABDCC22AC3A}.Debug|x64.ActiveCfg = Debug|x64
		{70D476E9-82B9-4A4E-9F3B-7ABDCC22AC3A}.Debug|x64.Build.0 = Debug|x64
		{70D476E9-82B9-4A4E-9F3B-7ABDCC22AC3A}.Debug|x64.Deploy.0 = Debug|x64
		{70D476E9-82B9-4A4E-9F3B-7ABDCC22AC3A}.Release|Any CPU.ActiveCfg = Release|x64
		{70D476E9-82B9-4A4E-9F3B-7ABDCC22AC3A}.Release|x64.ActiveCfg = Release|x64
		{70D476E9-82B9-4A4E-9F3B-7ABDCC22AC3A}.Release|x64.Build.0 = Release|x64
		{70D476E9-82B9-4A4E-9F3B-7ABDCC22AC3A}.Release|x64.Deploy.0 = Release|x64
		{EB41888B-810D-4EDD-8EEF-96605F9A2C17}.Debug|Any CPU.ActiveCfg = Debug|x64
		{EB41888B-810D-4EDD-8EEF-96605F9A2C17}.Debug|x64.ActiveCfg = Debug|x64
		{EB41888B-810D-4EDD-8EEF-96605F9A2C17}.Debug|x64.Build.0 = Debug|x64
		{EB41888B-810D-4EDD-8EEF-96605F9A2C17}.Release|Any CPU.ActiveCfg = Release|x64
		{EB41888B-810D-4EDD-8EEF-96605F9A2C17}.Release|x64.ActiveCfg = Release|x64
		{EB41888B-810D-4EDD-8EEF-96605F9A2C17}.Release|x64.Build.0 = Release|x64
		{7BF18556-568E-4DF5-8FC6-14E556630224}.Debug|Any CPU.ActiveCfg = Debug|Any CPU
		{7BF18556-568E-4DF5-8FC6-14E556630224}.Debug|Any CPU.Build.0 = Debug|Any CPU
		{7BF18556-568E-4DF5-8FC6-14E556630224}.Debug|x64.ActiveCfg = Debug|Any CPU
		{7BF18556-568E-4DF5-8FC6-14E556630224}.Debug|x64.Build.0 = Debug|Any CPU
		{7BF18556-568E-4DF5-8FC6-14E556630224}.Release|Any CPU.ActiveCfg = Release|Any CPU
		{7BF18556-568E-4DF5-8FC6-14E556630224}.Release|Any CPU.Build.0 = Release|Any CPU
		{7BF18556-568E-4DF5-8FC6-14E556630224}.Release|x64.ActiveCfg = Release|Any CPU
		{7BF18556-568E-4DF5-8FC6-14E556630224}.Release|x64.Build.0 = Release|Any CPU
		{80AC85FB-1285-4FF2-B685-DF16423DE753}.Debug|Any CPU.ActiveCfg = Debug|Any CPU
		{80AC85FB-1285-4FF2-B685-DF16423DE753}.Debug|Any CPU.Build.0 = Debug|Any CPU
		{80AC85FB-1285-4FF2-B685-DF16423DE753}.Debug|x64.ActiveCfg = Debug|Any CPU
		{80AC85FB-1285-4FF2-B685-DF16423DE753}.Debug|x64.Build.0 = Debug|Any CPU
		{80AC85FB-1285-4FF2-B685-DF16423DE753}.Release|Any CPU.ActiveCfg = Release|Any CPU
		{80AC85FB-1285-4FF2-B685-DF16423DE753}.Release|Any CPU.Build.0 = Release|Any CPU
		{80AC85FB-1285-4FF2-B685-DF16423DE753}.Release|x64.ActiveCfg = Release|Any CPU
		{80AC85FB-1285-4FF2-B685-DF16423DE753}.Release|x64.Build.0 = Release|Any CPU
		{B06598C5-A0C1-4772-A0AE-4A9C9933B3A0}.Debug|Any CPU.ActiveCfg = Debug|x64
		{B06598C5-A0C1-4772-A0AE-4A9C9933B3A0}.Debug|x64.ActiveCfg = Debug|x64
		{B06598C5-A0C1-4772-A0AE-4A9C9933B3A0}.Debug|x64.Build.0 = Debug|x64
		{B06598C5-A0C1-4772-A0AE-4A9C9933B3A0}.Release|Any CPU.ActiveCfg = Release|x64
		{B06598C5-A0C1-4772-A0AE-4A9C9933B3A0}.Release|x64.ActiveCfg = Release|x64
		{B06598C5-A0C1-4772-A0AE-4A9C9933B3A0}.Release|x64.Build.0 = Release|x64
		{4168A753-1A06-49ED-90CE-5BB82BEE5006}.Debug|Any CPU.ActiveCfg = Debug|x64
		{4168A753-1A06-49ED-90CE-5BB82BEE5006}.Debug|x64.ActiveCfg = Debug|x64
		{4168A753-1A06-49ED-90CE-5BB82BEE5006}.Debug|x64.Build.0 = Debug|x64
		{4168A753-1A06-49ED-90CE-5BB82BEE5006}.Release|Any CPU.ActiveCfg = Release|x64
		{4168A753-1A06-49ED-90CE-5BB82BEE5006}.Release|x64.ActiveCfg = Release|x64
		{4168A753-1A06-49ED-90CE-5BB82BEE5006}.Release|x64.Build.0 = Release|x64
		{985C04B8-BA76-4E98-87B1-020EEBC91B70}.Debug|Any CPU.ActiveCfg = Debug|x64
		{985C04B8-BA76-4E98-87B1-020EEBC91B70}.Debug|x64.ActiveCfg = Debug|x64
		{985C04B8-BA76-4E98-87B1-020EEBC91B70}.Debug|x64.Build.0 = Debug|x64
		{985C04B8-BA76-4E98-87B1-020EEBC91B70}.Release|Any CPU.ActiveCfg = Release|x64
		{985C04B8-BA76-4E98-87B1-020EEBC91B70}.Release|x64.ActiveCfg = Release|x64
		{985C04B8-BA76-4E98-87B1-020EEBC91B70}.Release|x64.Build.0 = Release|x64
		{369CDE5E-2B99-4C4B-8FF7-D298EA692C3F}.Debug|Any CPU.ActiveCfg = Debug|Any CPU
		{369CDE5E-2B99-4C4B-8FF7-D298EA692C3F}.Debug|Any CPU.Build.0 = Debug|Any CPU
		{369CDE5E-2B99-4C4B-8FF7-D298EA692C3F}.Debug|x64.ActiveCfg = Debug|Any CPU
		{369CDE5E-2B99-4C4B-8FF7-D298EA692C3F}.Debug|x64.Build.0 = Debug|Any CPU
		{369CDE5E-2B99-4C4B-8FF7-D298EA692C3F}.Release|Any CPU.ActiveCfg = Release|Any CPU
		{369CDE5E-2B99-4C4B-8FF7-D298EA692C3F}.Release|Any CPU.Build.0 = Release|Any CPU
		{369CDE5E-2B99-4C4B-8FF7-D298EA692C3F}.Release|x64.ActiveCfg = Release|Any CPU
		{369CDE5E-2B99-4C4B-8FF7-D298EA692C3F}.Release|x64.Build.0 = Release|Any CPU
	EndGlobalSection
	GlobalSection(SolutionProperties) = preSolution
		HideSolutionNode = FALSE
	EndGlobalSection
	GlobalSection(NestedProjects) = preSolution
		{70D476E9-82B9-4A4E-9F3B-7ABDCC22AC3A} = {52A5AABF-0822-4578-B253-743FA6AE314C}
		{EB41888B-810D-4EDD-8EEF-96605F9A2C17} = {7666609C-5208-4FB6-A094-3A438641F38C}
		{7BF18556-568E-4DF5-8FC6-14E556630224} = {7666609C-5208-4FB6-A094-3A438641F38C}
		{80AC85FB-1285-4FF2-B685-DF16423DE753} = {937BA691-1E8E-4530-B700-D32934E8B57A}
		{B06598C5-A0C1-4772-A0AE-4A9C9933B3A0} = {E2FF7871-DBAA-414C-B11C-31C91D25982C}
		{4168A753-1A06-49ED-90CE-5BB82BEE5006} = {E2FF7871-DBAA-414C-B11C-31C91D25982C}
		{985C04B8-BA76-4E98-87B1-020EEBC91B70} = {59BB8255-4D4E-4B50-A2CB-DA2701ACC4B9}
		{369CDE5E-2B99-4C4B-8FF7-D298EA692C3F} = {59BB8255-4D4E-4B50-A2CB-DA2701ACC4B9}
		{7666609C-5208-4FB6-A094-3A438641F38C} = {AFA43E4C-18A9-4644-A900-208CA19DCD72}
		{59BB8255-4D4E-4B50-A2CB-DA2701ACC4B9} = {AFA43E4C-18A9-4644-A900-208CA19DCD72}
		{E2FF7871-DBAA-414C-B11C-31C91D25982C} = {AFA43E4C-18A9-4644-A900-208CA19DCD72}
	EndGlobalSection
	GlobalSection(ExtensibilityGlobals) = postSolution
		SolutionGuid = {A6232D26-6E66-4F72-9D3F-92BBDF715435}
	EndGlobalSection
EndGlobal
